
Microsoft Visual Studio Solution File, Format Version 12.00
# Visual Studio 15
VisualStudioVersion = 15.0.27428.2005
MinimumVisualStudioVersion = 10.0.40219.1
Project("{FAE04EC0-301F-11D3-BF4B-00C04F79EFBC}") = "SchoolDataFrontEnd", "SchoolDataFrontEnd\SchoolDataFrontEnd.csproj", "{C17AF8FA-3372-486B-814D-25BD0C9CF14C}"
EndProject
Global
	GlobalSection(SolutionConfigurationPlatforms) = preSolution
		Debug|Any CPU = Debug|Any CPU
		Release|Any CPU = Release|Any CPU
	EndGlobalSection
	GlobalSection(ProjectConfigurationPlatforms) = postSolution
		{C17AF8FA-3372-486B-814D-25BD0C9CF14C}.Debug|Any CPU.ActiveCfg = Debug|Any CPU
		{C17AF8FA-3372-486B-814D-25BD0C9CF14C}.Debug|Any CPU.Build.0 = Debug|Any CPU
		{C17AF8FA-3372-486B-814D-25BD0C9CF14C}.Release|Any CPU.ActiveCfg = Release|Any CPU
		{C17AF8FA-3372-486B-814D-25BD0C9CF14C}.Release|Any CPU.Build.0 = Release|Any CPU
	EndGlobalSection
	GlobalSection(SolutionProperties) = preSolution
		HideSolutionNode = FALSE
	EndGlobalSection
	GlobalSection(ExtensibilityGlobals) = postSolution
		SolutionGuid = {351A4B86-BADE-4EEF-8F94-59959EFC1772}
	EndGlobalSection
EndGlobal
